// !$*UTF8*$!
{
	archiveVersion = 1;
	classes = {
	};
	objectVersion = 50;
	objects = {

/* Begin PBXBuildFile section */
		9219ED53247E57BA00003563 /* AppDelegate.m in Sources */ = {isa = PBXBuildFile; fileRef = 9219ED52247E57BA00003563 /* AppDelegate.m */; };
		9219ED55247E57BA00003563 /* Shaders.metal in Sources */ = {isa = PBXBuildFile; fileRef = 9219ED54247E57BA00003563 /* Shaders.metal */; };
		9219ED59247E57BA00003563 /* Renderer.m in Sources */ = {isa = PBXBuildFile; fileRef = 9219ED58247E57BA00003563 /* Renderer.m */; };
		9219ED5C247E57BA00003563 /* ViewController.m in Sources */ = {isa = PBXBuildFile; fileRef = 9219ED5B247E57BA00003563 /* ViewController.m */; };
		9219ED5F247E57BA00003563 /* Main.storyboard in Resources */ = {isa = PBXBuildFile; fileRef = 9219ED5D247E57BA00003563 /* Main.storyboard */; };
		9219ED61247E57BC00003563 /* Assets.xcassets in Resources */ = {isa = PBXBuildFile; fileRef = 9219ED60247E57BC00003563 /* Assets.xcassets */; };
		9219ED64247E57BC00003563 /* LaunchScreen.storyboard in Resources */ = {isa = PBXBuildFile; fileRef = 9219ED62247E57BC00003563 /* LaunchScreen.storyboard */; };
		9219ED67247E57BC00003563 /* main.m in Sources */ = {isa = PBXBuildFile; fileRef = 9219ED66247E57BC00003563 /* main.m */; };
/* End PBXBuildFile section */

/* Begin PBXFileReference section */
		9219ED4E247E57BA00003563 /* TestMetal.app */ = {isa = PBXFileReference; explicitFileType = wrapper.application; includeInIndex = 0; path = TestMetal.app; sourceTree = BUILT_PRODUCTS_DIR; };
		9219ED51247E57BA00003563 /* AppDelegate.h */ = {isa = PBXFileReference; lastKnownFileType = sourcecode.c.h; path = AppDelegate.h; sourceTree = "<group>"; };
		9219ED52247E57BA00003563 /* AppDelegate.m */ = {isa = PBXFileReference; lastKnownFileType = sourcecode.c.objc; path = AppDelegate.m; sourceTree = "<group>"; };
		9219ED54247E57BA00003563 /* Shaders.metal */ = {isa = PBXFileReference; lastKnownFileType = sourcecode.metal; path = Shaders.metal; sourceTree = "<group>"; };
		9219ED56247E57BA00003563 /* ShaderTypes.h */ = {isa = PBXFileReference; lastKnownFileType = sourcecode.c.h; path = ShaderTypes.h; sourceTree = "<group>"; };
		9219ED57247E57BA00003563 /* Renderer.h */ = {isa = PBXFileReference; lastKnownFileType = sourcecode.c.h; path = Renderer.h; sourceTree = "<group>"; };
		9219ED58247E57BA00003563 /* Renderer.m */ = {isa = PBXFileReference; lastKnownFileType = sourcecode.c.objc; path = Renderer.m; sourceTree = "<group>"; };
		9219ED5A247E57BA00003563 /* ViewController.h */ = {isa = PBXFileReference; lastKnownFileType = sourcecode.c.h; path = ViewController.h; sourceTree = "<group>"; };
		9219ED5B247E57BA00003563 /* ViewController.m */ = {isa = PBXFileReference; lastKnownFileType = sourcecode.c.objc; path = ViewController.m; sourceTree = "<group>"; };
		9219ED5E247E57BA00003563 /* Base */ = {isa = PBXFileReference; lastKnownFileType = file.storyboard; name = Base; path = Base.lproj/Main.storyboard; sourceTree = "<group>"; };
		9219ED60247E57BC00003563 /* Assets.xcassets */ = {isa = PBXFileReference; lastKnownFileType = folder.assetcatalog; path = Assets.xcassets; sourceTree = "<group>"; };
		9219ED63247E57BC00003563 /* Base */ = {isa = PBXFileReference; lastKnownFileType = file.storyboard; name = Base; path = Base.lproj/LaunchScreen.storyboard; sourceTree = "<group>"; };
		9219ED65247E57BC00003563 /* Info.plist */ = {isa = PBXFileReference; lastKnownFileType = text.plist.xml; path = Info.plist; sourceTree = "<group>"; };
		9219ED66247E57BC00003563 /* main.m */ = {isa = PBXFileReference; lastKnownFileType = sourcecode.c.objc; path = main.m; sourceTree = "<group>"; };
/* End PBXFileReference section */

/* Begin PBXFrameworksBuildPhase section */
		9219ED4B247E57BA00003563 /* Frameworks */ = {
			isa = PBXFrameworksBuildPhase;
			buildActionMask = 2147483647;
			files = (
			);
			runOnlyForDeploymentPostprocessing = 0;
		};
/* End PBXFrameworksBuildPhase section */

/* Begin PBXGroup section */
		9219ED45247E57BA00003563 = {
			isa = PBXGroup;
			children = (
				9219ED50247E57BA00003563 /* TestMetal */,
				9219ED4F247E57BA00003563 /* Products */,
			);
			sourceTree = "<group>";
		};
		9219ED4F247E57BA00003563 /* Products */ = {
			isa = PBXGroup;
			children = (
				9219ED4E247E57BA00003563 /* TestMetal.app */,
			);
			name = Products;
			sourceTree = "<group>";
		};
		9219ED50247E57BA00003563 /* TestMetal */ = {
			isa = PBXGroup;
			children = (
				9219ED51247E57BA00003563 /* AppDelegate.h */,
				9219ED52247E57BA00003563 /* AppDelegate.m */,
				9219ED54247E57BA00003563 /* Shaders.metal */,
				9219ED56247E57BA00003563 /* ShaderTypes.h */,
				9219ED57247E57BA00003563 /* Renderer.h */,
				9219ED58247E57BA00003563 /* Renderer.m */,
				9219ED5A247E57BA00003563 /* ViewController.h */,
				9219ED5B247E57BA00003563 /* ViewController.m */,
				9219ED5D247E57BA00003563 /* Main.storyboard */,
				9219ED60247E57BC00003563 /* Assets.xcassets */,
				9219ED62247E57BC00003563 /* LaunchScreen.storyboard */,
				9219ED65247E57BC00003563 /* Info.plist */,
				9219ED66247E57BC00003563 /* main.m */,
			);
			path = TestMetal;
			sourceTree = "<group>";
		};
/* End PBXGroup section */

/* Begin PBXNativeTarget section */
		9219ED4D247E57BA00003563 /* TestMetal */ = {
			isa = PBXNativeTarget;
			buildConfigurationList = 9219ED6A247E57BC00003563 /* Build configuration list for PBXNativeTarget "TestMetal" */;
			buildPhases = (
				9219ED4A247E57BA00003563 /* Sources */,
				9219ED4B247E57BA00003563 /* Frameworks */,
				9219ED4C247E57BA00003563 /* Resources */,
			);
			buildRules = (
			);
			dependencies = (
			);
			name = TestMetal;
			productName = TestMetal;
			productReference = 9219ED4E247E57BA00003563 /* TestMetal.app */;
			productType = "com.apple.product-type.application";
		};
/* End PBXNativeTarget section */

/* Begin PBXProject section */
		9219ED46247E57BA00003563 /* Project object */ = {
			isa = PBXProject;
			attributes = {
				LastUpgradeCheck = 1130;
				ORGANIZATIONNAME = AlexiChen;
				TargetAttributes = {
					9219ED4D247E57BA00003563 = {
						CreatedOnToolsVersion = 11.3.1;
					};
				};
			};
			buildConfigurationList = 9219ED49247E57BA00003563 /* Build configuration list for PBXProject "TestMetal" */;
			compatibilityVersion = "Xcode 9.3";
			developmentRegion = en;
			hasScannedForEncodings = 0;
			knownRegions = (
				en,
				Base,
			);
			mainGroup = 9219ED45247E57BA00003563;
			productRefGroup = 9219ED4F247E57BA00003563 /* Products */;
			projectDirPath = "";
			projectRoot = "";
			targets = (
				9219ED4D247E57BA00003563 /* TestMetal */,
			);
		};
/* End PBXProject section */

/* Begin PBXResourcesBuildPhase section */
		9219ED4C247E57BA00003563 /* Resources */ = {
			isa = PBXResourcesBuildPhase;
			buildActionMask = 2147483647;
			files = (
				9219ED64247E57BC00003563 /* LaunchScreen.storyboard in Resources */,
				9219ED61247E57BC00003563 /* Assets.xcassets in Resources */,
				9219ED5F247E57BA00003563 /* Main.storyboard in Resources */,
			);
			runOnlyForDeploymentPostprocessing = 0;
		};
/* End PBXResourcesBuildPhase section */

/* Begin PBXSourcesBuildPhase section */
		9219ED4A247E57BA00003563 /* Sources */ = {
			isa = PBXSourcesBuildPhase;
			buildActionMask = 2147483647;
			files = (
				9219ED67247E57BC00003563 /* main.m in Sources */,
				9219ED55247E57BA00003563 /* Shaders.metal in Sources */,
				9219ED53247E57BA00003563 /* AppDelegate.m in Sources */,
				9219ED5C247E57BA00003563 /* ViewController.m in Sources */,
				9219ED59247E57BA00003563 /* Renderer.m in Sources */,
			);
			runOnlyForDeploymentPostprocessing = 0;
		};
/* End PBXSourcesBuildPhase section */

/* Begin PBXVariantGroup section */
		9219ED5D247E57BA00003563 /* Main.storyboard */ = {
			isa = PBXVariantGroup;
			children = (
				9219ED5E247E57BA00003563 /* Base */,
			);
			name = Main.storyboard;
			sourceTree = "<group>";
		};
		9219ED62247E57BC00003563 /* LaunchScreen.storyboard */ = {
			isa = PBXVariantGroup;
			children = (
				9219ED63247E57BC00003563 /* Base */,
			);
			name = LaunchScreen.storyboard;
			sourceTree = "<group>";
		};
/* End PBXVariantGroup section */

/* Begin XCBuildConfiguration section */
		9219ED68247E57BC00003563 /* Debug */ = {
			isa = XCBuildConfiguration;
			buildSettings = {
				ALWAYS_SEARCH_USER_PATHS = NO;
				CLANG_ANALYZER_NONNULL = YES;
				CLANG_ANALYZER_NUMBER_OBJECT_CONVERSION = YES_AGGRESSIVE;
				CLANG_CXX_LANGUAGE_STANDARD = "gnu++14";
				CLANG_CXX_LIBRARY = "libc++";
				CLANG_ENABLE_MODULES = YES;
				CLANG_ENABLE_OBJC_ARC = YES;
				CLANG_ENABLE_OBJC_WEAK = YES;
				CLANG_WARN_BLOCK_CAPTURE_AUTORELEASING = YES;
				CLANG_WARN_BOOL_CONVERSION = YES;
				CLANG_WARN_COMMA = YES;
				CLANG_WARN_CONSTANT_CONVERSION = YES;
				CLANG_WARN_DEPRECATED_OBJC_IMPLEMENTATIONS = YES;
				CLANG_WARN_DIRECT_OBJC_ISA_USAGE = YES_ERROR;
				CLANG_WARN_DOCUMENTATION_COMMENTS = YES;
				CLANG_WARN_EMPTY_BODY = YES;
				CLANG_WARN_ENUM_CONVERSION = YES;
				CLANG_WARN_INFINITE_RECURSION = YES;
				CLANG_WARN_INT_CONVERSION = YES;
				CLANG_WARN_NON_LITERAL_NULL_CONVERSION = YES;
				CLANG_WARN_OBJC_IMPLICIT_RETAIN_SELF = YES;
				CLANG_WARN_OBJC_LITERAL_CONVERSION = YES;
				CLANG_WARN_OBJC_ROOT_CLASS = YES_ERROR;
				CLANG_WARN_RANGE_LOOP_ANALYSIS = YES;
				CLANG_WARN_STRICT_PROTOTYPES = YES;
				CLANG_WARN_SUSPICIOUS_MOVE = YES;
				CLANG_WARN_UNGUARDED_AVAILABILITY = YES_AGGRESSIVE;
				CLANG_WARN_UNREACHABLE_CODE = YES;
				CLANG_WARN__DUPLICATE_METHOD_MATCH = YES;
				COPY_PHASE_STRIP = NO;
				DEBUG_INFORMATION_FORMAT = dwarf;
				ENABLE_STRICT_OBJC_MSGSEND = YES;
				ENABLE_TESTABILITY = YES;
				GCC_C_LANGUAGE_STANDARD = gnu11;
				GCC_DYNAMIC_NO_PIC = NO;
				GCC_NO_COMMON_BLOCKS = YES;
				GCC_OPTIMIZATION_LEVEL = 0;
				GCC_PREPROCESSOR_DEFINITIONS = (
					"DEBUG=1",
					"$(inherited)",
				);
				GCC_WARN_64_TO_32_BIT_CONVERSION = YES;
				GCC_WARN_ABOUT_RETURN_TYPE = YES_ERROR;
				GCC_WARN_UNDECLARED_SELECTOR = YES;
				GCC_WARN_UNINITIALIZED_AUTOS = YES_AGGRESSIVE;
				GCC_WARN_UNUSED_FUNCTION = YES;
				GCC_WARN_UNUSED_VARIABLE = YES;
				IPHONEOS_DEPLOYMENT_TARGET = 13.2;
				MTL_ENABLE_DEBUG_INFO = INCLUDE_SOURCE;
				MTL_FAST_MATH = YES;
				ONLY_ACTIVE_ARCH = YES;
				SDKROOT = iphoneos;
			};
			name = Debug;
		};
		9219ED69247E57BC00003563 /* Release */ = {
			isa = XCBuildConfiguration;
			buildSettings = {
				ALWAYS_SEARCH_USER_PATHS = NO;
				CLANG_ANALYZER_NONNULL = YES;
				CLANG_ANALYZER_NUMBER_OBJECT_CONVERSION = YES_AGGRESSIVE;
				CLANG_CXX_LANGUAGE_STANDARD = "gnu++14";
				CLANG_CXX_LIBRARY = "libc++";
				CLANG_ENABLE_MODULES = YES;
				CLANG_ENABLE_OBJC_ARC = YES;
				CLANG_ENABLE_OBJC_WEAK = YES;
				CLANG_WARN_BLOCK_CAPTURE_AUTORELEASING = YES;
				CLANG_WARN_BOOL_CONVERSION = YES;
				CLANG_WARN_COMMA = YES;
				CLANG_WARN_CONSTANT_CONVERSION = YES;
				CLANG_WARN_DEPRECATED_OBJC_IMPLEMENTATIONS = YES;
				CLANG_WARN_DIRECT_OBJC_ISA_USAGE = YES_ERROR;
				CLANG_WARN_DOCUMENTATION_COMMENTS = YES;
				CLANG_WARN_EMPTY_BODY = YES;
				CLANG_WARN_ENUM_CONVERSION = YES;
				CLANG_WARN_INFINITE_RECURSION = YES;
				CLANG_WARN_INT_CONVERSION = YES;
				CLANG_WARN_NON_LITERAL_NULL_CONVERSION = YES;
				CLANG_WARN_OBJC_IMPLICIT_RETAIN_SELF = YES;
				CLANG_WARN_OBJC_LITERAL_CONVERSION = YES;
				CLANG_WARN_OBJC_ROOT_CLASS = YES_ERROR;
				CLANG_WARN_RANGE_LOOP_ANALYSIS = YES;
				CLANG_WARN_STRICT_PROTOTYPES = YES;
				CLANG_WARN_SUSPICIOUS_MOVE = YES;
				CLANG_WARN_UNGUARDED_AVAILABILITY = YES_AGGRESSIVE;
				CLANG_WARN_UNREACHABLE_CODE = YES;
				CLANG_WARN__DUPLICATE_METHOD_MATCH = YES;
				COPY_PHASE_STRIP = NO;
				DEBUG_INFORMATION_FORMAT = "dwarf-with-dsym";
				ENABLE_NS_ASSERTIONS = NO;
				ENABLE_STRICT_OBJC_MSGSEND = YES;
				GCC_C_LANGUAGE_STANDARD = gnu11;
				GCC_NO_COMMON_BLOCKS = YES;
				GCC_WARN_64_TO_32_BIT_CONVERSION = YES;
				GCC_WARN_ABOUT_RETURN_TYPE = YES_ERROR;
				GCC_WARN_UNDECLARED_SELECTOR = YES;
				GCC_WARN_UNINITIALIZED_AUTOS = YES_AGGRESSIVE;
				GCC_WARN_UNUSED_FUNCTION = YES;
				GCC_WARN_UNUSED_VARIABLE = YES;
				IPHONEOS_DEPLOYMENT_TARGET = 13.2;
				MTL_ENABLE_DEBUG_INFO = NO;
				MTL_FAST_MATH = YES;
				SDKROOT = iphoneos;
				VALIDATE_PRODUCT = YES;
			};
			name = Release;
		};
		9219ED6B247E57BC00003563 /* Debug */ = {
			isa = XCBuildConfiguration;
			buildSettings = {
				ASSETCATALOG_COMPILER_APPICON_NAME = AppIcon;
				CODE_SIGN_STYLE = Automatic;
				DEVELOPMENT_TEAM = Y9PT5KD6V4;
				INFOPLIST_FILE = TestMetal/Info.plist;
				IPHONEOS_DEPLOYMENT_TARGET = 10.0;
				LD_RUNPATH_SEARCH_PATHS = (
					"$(inherited)",
					"@executable_path/Frameworks",
				);
				PRODUCT_BUNDLE_IDENTIFIER = com.tencent.TestMetal;
				PRODUCT_NAME = "$(TARGET_NAME)";
				TARGETED_DEVICE_FAMILY = "1,2";
			};
			name = Debug;
		};
		9219ED6C247E57BC00003563 /* Release */ = {
			isa = XCBuildConfiguration;
			buildSettings = {
				ASSETCATALOG_COMPILER_APPICON_NAME = AppIcon;
				CODE_SIGN_STYLE = Automatic;
				DEVELOPMENT_TEAM = Y9PT5KD6V4;
				INFOPLIST_FILE = TestMetal/Info.plist;
				IPHONEOS_DEPLOYMENT_TARGET = 10.0;
				LD_RUNPATH_SEARCH_PATHS = (
					"$(inherited)",
					"@executable_path/Frameworks",
				);
				PRODUCT_BUNDLE_IDENTIFIER = com.tencent.TestMetal;
				PRODUCT_NAME = "$(TARGET_NAME)";
				TARGETED_DEVICE_FAMILY = "1,2";
			};
			name = Release;
		};
/* End XCBuildConfiguration section */

/* Begin XCConfigurationList section */
		9219ED49247E57BA00003563 /* Build configuration list for PBXProject "TestMetal" */ = {
			isa = XCConfigurationList;
			buildConfigurations = (
				9219ED68247E57BC00003563 /* Debug */,
				9219ED69247E57BC00003563 /* Release */,
			);
			defaultConfigurationIsVisible = 0;
			defaultConfigurationName = Release;
		};
		9219ED6A247E57BC00003563 /* Build configuration list for PBXNativeTarget "TestMetal" */ = {
			isa = XCConfigurationList;
			buildConfigurations = (
				9219ED6B247E57BC00003563 /* Debug */,
				9219ED6C247E57BC00003563 /* Release */,
			);
			defaultConfigurationIsVisible = 0;
			defaultConfigurationName = Release;
		};
/* End XCConfigurationList section */
	};
	rootObject = 9219ED46247E57BA00003563 /* Project object */;
}
