// !$*UTF8*$!
{
	archiveVersion = 1;
	classes = {
	};
	objectVersion = 50;
	objects = {

/* Begin PBXBuildFile section */
		920C57A024B6F30B00671F97 /* AppDelegate.m in Sources */ = {isa = PBXBuildFile; fileRef = 920C579F24B6F30B00671F97 /* AppDelegate.m */; };
		920C57A324B6F30B00671F97 /* SceneDelegate.m in Sources */ = {isa = PBXBuildFile; fileRef = 920C57A224B6F30B00671F97 /* SceneDelegate.m */; };
		920C57A624B6F30B00671F97 /* ViewController.m in Sources */ = {isa = PBXBuildFile; fileRef = 920C57A524B6F30B00671F97 /* ViewController.m */; };
		920C57A924B6F30B00671F97 /* Main.storyboard in Resources */ = {isa = PBXBuildFile; fileRef = 920C57A724B6F30B00671F97 /* Main.storyboard */; };
		920C57AB24B6F30D00671F97 /* Assets.xcassets in Resources */ = {isa = PBXBuildFile; fileRef = 920C57AA24B6F30D00671F97 /* Assets.xcassets */; };
		920C57AE24B6F30D00671F97 /* LaunchScreen.storyboard in Resources */ = {isa = PBXBuildFile; fileRef = 920C57AC24B6F30D00671F97 /* LaunchScreen.storyboard */; };
		920C57B124B6F30D00671F97 /* main.m in Sources */ = {isa = PBXBuildFile; fileRef = 920C57B024B6F30D00671F97 /* main.m */; };
/* End PBXBuildFile section */

/* Begin PBXFileReference section */
		920C579B24B6F30B00671F97 /* testProxy.app */ = {isa = PBXFileReference; explicitFileType = wrapper.application; includeInIndex = 0; path = testProxy.app; sourceTree = BUILT_PRODUCTS_DIR; };
		920C579E24B6F30B00671F97 /* AppDelegate.h */ = {isa = PBXFileReference; lastKnownFileType = sourcecode.c.h; path = AppDelegate.h; sourceTree = "<group>"; };
		920C579F24B6F30B00671F97 /* AppDelegate.m */ = {isa = PBXFileReference; lastKnownFileType = sourcecode.c.objc; path = AppDelegate.m; sourceTree = "<group>"; };
		920C57A124B6F30B00671F97 /* SceneDelegate.h */ = {isa = PBXFileReference; lastKnownFileType = sourcecode.c.h; path = SceneDelegate.h; sourceTree = "<group>"; };
		920C57A224B6F30B00671F97 /* SceneDelegate.m */ = {isa = PBXFileReference; lastKnownFileType = sourcecode.c.objc; path = SceneDelegate.m; sourceTree = "<group>"; };
		920C57A424B6F30B00671F97 /* ViewController.h */ = {isa = PBXFileReference; lastKnownFileType = sourcecode.c.h; path = ViewController.h; sourceTree = "<group>"; };
		920C57A524B6F30B00671F97 /* ViewController.m */ = {isa = PBXFileReference; lastKnownFileType = sourcecode.c.objc; path = ViewController.m; sourceTree = "<group>"; };
		920C57A824B6F30B00671F97 /* Base */ = {isa = PBXFileReference; lastKnownFileType = file.storyboard; name = Base; path = Base.lproj/Main.storyboard; sourceTree = "<group>"; };
		920C57AA24B6F30D00671F97 /* Assets.xcassets */ = {isa = PBXFileReference; lastKnownFileType = folder.assetcatalog; path = Assets.xcassets; sourceTree = "<group>"; };
		920C57AD24B6F30D00671F97 /* Base */ = {isa = PBXFileReference; lastKnownFileType = file.storyboard; name = Base; path = Base.lproj/LaunchScreen.storyboard; sourceTree = "<group>"; };
		920C57AF24B6F30D00671F97 /* Info.plist */ = {isa = PBXFileReference; lastKnownFileType = text.plist.xml; path = Info.plist; sourceTree = "<group>"; };
		920C57B024B6F30D00671F97 /* main.m */ = {isa = PBXFileReference; lastKnownFileType = sourcecode.c.objc; path = main.m; sourceTree = "<group>"; };
/* End PBXFileReference section */

/* Begin PBXFrameworksBuildPhase section */
		920C579824B6F30B00671F97 /* Frameworks */ = {
			isa = PBXFrameworksBuildPhase;
			buildActionMask = 2147483647;
			files = (
			);
			runOnlyForDeploymentPostprocessing = 0;
		};
/* End PBXFrameworksBuildPhase section */

/* Begin PBXGroup section */
		920C579224B6F30B00671F97 = {
			isa = PBXGroup;
			children = (
				920C579D24B6F30B00671F97 /* testProxy */,
				920C579C24B6F30B00671F97 /* Products */,
			);
			sourceTree = "<group>";
		};
		920C579C24B6F30B00671F97 /* Products */ = {
			isa = PBXGroup;
			children = (
				920C579B24B6F30B00671F97 /* testProxy.app */,
			);
			name = Products;
			sourceTree = "<group>";
		};
		920C579D24B6F30B00671F97 /* testProxy */ = {
			isa = PBXGroup;
			children = (
				920C579E24B6F30B00671F97 /* AppDelegate.h */,
				920C579F24B6F30B00671F97 /* AppDelegate.m */,
				920C57A124B6F30B00671F97 /* SceneDelegate.h */,
				920C57A224B6F30B00671F97 /* SceneDelegate.m */,
				920C57A424B6F30B00671F97 /* ViewController.h */,
				920C57A524B6F30B00671F97 /* ViewController.m */,
				920C57A724B6F30B00671F97 /* Main.storyboard */,
				920C57AA24B6F30D00671F97 /* Assets.xcassets */,
				920C57AC24B6F30D00671F97 /* LaunchScreen.storyboard */,
				920C57AF24B6F30D00671F97 /* Info.plist */,
				920C57B024B6F30D00671F97 /* main.m */,
			);
			path = testProxy;
			sourceTree = "<group>";
		};
/* End PBXGroup section */

/* Begin PBXNativeTarget section */
		920C579A24B6F30B00671F97 /* testProxy */ = {
			isa = PBXNativeTarget;
			buildConfigurationList = 920C57B424B6F30D00671F97 /* Build configuration list for PBXNativeTarget "testProxy" */;
			buildPhases = (
				920C579724B6F30B00671F97 /* Sources */,
				920C579824B6F30B00671F97 /* Frameworks */,
				920C579924B6F30B00671F97 /* Resources */,
			);
			buildRules = (
			);
			dependencies = (
			);
			name = testProxy;
			productName = testProxy;
			productReference = 920C579B24B6F30B00671F97 /* testProxy.app */;
			productType = "com.apple.product-type.application";
		};
/* End PBXNativeTarget section */

/* Begin PBXProject section */
		920C579324B6F30B00671F97 /* Project object */ = {
			isa = PBXProject;
			attributes = {
				LastUpgradeCheck = 1150;
				ORGANIZATIONNAME = AlexiChen;
				TargetAttributes = {
					920C579A24B6F30B00671F97 = {
						CreatedOnToolsVersion = 11.5;
					};
				};
			};
			buildConfigurationList = 920C579624B6F30B00671F97 /* Build configuration list for PBXProject "testProxy" */;
			compatibilityVersion = "Xcode 9.3";
			developmentRegion = en;
			hasScannedForEncodings = 0;
			knownRegions = (
				en,
				Base,
			);
			mainGroup = 920C579224B6F30B00671F97;
			productRefGroup = 920C579C24B6F30B00671F97 /* Products */;
			projectDirPath = "";
			projectRoot = "";
			targets = (
				920C579A24B6F30B00671F97 /* testProxy */,
			);
		};
/* End PBXProject section */

/* Begin PBXResourcesBuildPhase section */
		920C579924B6F30B00671F97 /* Resources */ = {
			isa = PBXResourcesBuildPhase;
			buildActionMask = 2147483647;
			files = (
				920C57AE24B6F30D00671F97 /* LaunchScreen.storyboard in Resources */,
				920C57AB24B6F30D00671F97 /* Assets.xcassets in Resources */,
				920C57A924B6F30B00671F97 /* Main.storyboard in Resources */,
			);
			runOnlyForDeploymentPostprocessing = 0;
		};
/* End PBXResourcesBuildPhase section */

/* Begin PBXSourcesBuildPhase section */
		920C579724B6F30B00671F97 /* Sources */ = {
			isa = PBXSourcesBuildPhase;
			buildActionMask = 2147483647;
			files = (
				920C57A624B6F30B00671F97 /* ViewController.m in Sources */,
				920C57A024B6F30B00671F97 /* AppDelegate.m in Sources */,
				920C57B124B6F30D00671F97 /* main.m in Sources */,
				920C57A324B6F30B00671F97 /* SceneDelegate.m in Sources */,
			);
			runOnlyForDeploymentPostprocessing = 0;
		};
/* End PBXSourcesBuildPhase section */

/* Begin PBXVariantGroup section */
		920C57A724B6F30B00671F97 /* Main.storyboard */ = {
			isa = PBXVariantGroup;
			children = (
				920C57A824B6F30B00671F97 /* Base */,
			);
			name = Main.storyboard;
			sourceTree = "<group>";
		};
		920C57AC24B6F30D00671F97 /* LaunchScreen.storyboard */ = {
			isa = PBXVariantGroup;
			children = (
				920C57AD24B6F30D00671F97 /* Base */,
			);
			name = LaunchScreen.storyboard;
			sourceTree = "<group>";
		};
/* End PBXVariantGroup section */

/* Begin XCBuildConfiguration section */
		920C57B224B6F30D00671F97 /* Debug */ = {
			isa = XCBuildConfiguration;
			buildSettings = {
				ALWAYS_SEARCH_USER_PATHS = NO;
				CLANG_ANALYZER_NONNULL = YES;
				CLANG_ANALYZER_NUMBER_OBJECT_CONVERSION = YES_AGGRESSIVE;
				CLANG_CXX_LANGUAGE_STANDARD = "gnu++14";
				CLANG_CXX_LIBRARY = "libc++";
				CLANG_ENABLE_MODULES = YES;
				CLANG_ENABLE_OBJC_ARC = YES;
				CLANG_ENABLE_OBJC_WEAK = YES;
				CLANG_WARN_BLOCK_CAPTURE_AUTORELEASING = YES;
				CLANG_WARN_BOOL_CONVERSION = YES;
				CLANG_WARN_COMMA = YES;
				CLANG_WARN_CONSTANT_CONVERSION = YES;
				CLANG_WARN_DEPRECATED_OBJC_IMPLEMENTATIONS = YES;
				CLANG_WARN_DIRECT_OBJC_ISA_USAGE = YES_ERROR;
				CLANG_WARN_DOCUMENTATION_COMMENTS = YES;
				CLANG_WARN_EMPTY_BODY = YES;
				CLANG_WARN_ENUM_CONVERSION = YES;
				CLANG_WARN_INFINITE_RECURSION = YES;
				CLANG_WARN_INT_CONVERSION = YES;
				CLANG_WARN_NON_LITERAL_NULL_CONVERSION = YES;
				CLANG_WARN_OBJC_IMPLICIT_RETAIN_SELF = YES;
				CLANG_WARN_OBJC_LITERAL_CONVERSION = YES;
				CLANG_WARN_OBJC_ROOT_CLASS = YES_ERROR;
				CLANG_WARN_RANGE_LOOP_ANALYSIS = YES;
				CLANG_WARN_STRICT_PROTOTYPES = YES;
				CLANG_WARN_SUSPICIOUS_MOVE = YES;
				CLANG_WARN_UNGUARDED_AVAILABILITY = YES_AGGRESSIVE;
				CLANG_WARN_UNREACHABLE_CODE = YES;
				CLANG_WARN__DUPLICATE_METHOD_MATCH = YES;
				COPY_PHASE_STRIP = NO;
				DEBUG_INFORMATION_FORMAT = dwarf;
				ENABLE_STRICT_OBJC_MSGSEND = YES;
				ENABLE_TESTABILITY = YES;
				GCC_C_LANGUAGE_STANDARD = gnu11;
				GCC_DYNAMIC_NO_PIC = NO;
				GCC_NO_COMMON_BLOCKS = YES;
				GCC_OPTIMIZATION_LEVEL = 0;
				GCC_PREPROCESSOR_DEFINITIONS = (
					"DEBUG=1",
					"$(inherited)",
				);
				GCC_WARN_64_TO_32_BIT_CONVERSION = YES;
				GCC_WARN_ABOUT_RETURN_TYPE = YES_ERROR;
				GCC_WARN_UNDECLARED_SELECTOR = YES;
				GCC_WARN_UNINITIALIZED_AUTOS = YES_AGGRESSIVE;
				GCC_WARN_UNUSED_FUNCTION = YES;
				GCC_WARN_UNUSED_VARIABLE = YES;
				IPHONEOS_DEPLOYMENT_TARGET = 13.5;
				MTL_ENABLE_DEBUG_INFO = INCLUDE_SOURCE;
				MTL_FAST_MATH = YES;
				ONLY_ACTIVE_ARCH = YES;
				SDKROOT = iphoneos;
			};
			name = Debug;
		};
		920C57B324B6F30D00671F97 /* Release */ = {
			isa = XCBuildConfiguration;
			buildSettings = {
				ALWAYS_SEARCH_USER_PATHS = NO;
				CLANG_ANALYZER_NONNULL = YES;
				CLANG_ANALYZER_NUMBER_OBJECT_CONVERSION = YES_AGGRESSIVE;
				CLANG_CXX_LANGUAGE_STANDARD = "gnu++14";
				CLANG_CXX_LIBRARY = "libc++";
				CLANG_ENABLE_MODULES = YES;
				CLANG_ENABLE_OBJC_ARC = YES;
				CLANG_ENABLE_OBJC_WEAK = YES;
				CLANG_WARN_BLOCK_CAPTURE_AUTORELEASING = YES;
				CLANG_WARN_BOOL_CONVERSION = YES;
				CLANG_WARN_COMMA = YES;
				CLANG_WARN_CONSTANT_CONVERSION = YES;
				CLANG_WARN_DEPRECATED_OBJC_IMPLEMENTATIONS = YES;
				CLANG_WARN_DIRECT_OBJC_ISA_USAGE = YES_ERROR;
				CLANG_WARN_DOCUMENTATION_COMMENTS = YES;
				CLANG_WARN_EMPTY_BODY = YES;
				CLANG_WARN_ENUM_CONVERSION = YES;
				CLANG_WARN_INFINITE_RECURSION = YES;
				CLANG_WARN_INT_CONVERSION = YES;
				CLANG_WARN_NON_LITERAL_NULL_CONVERSION = YES;
				CLANG_WARN_OBJC_IMPLICIT_RETAIN_SELF = YES;
				CLANG_WARN_OBJC_LITERAL_CONVERSION = YES;
				CLANG_WARN_OBJC_ROOT_CLASS = YES_ERROR;
				CLANG_WARN_RANGE_LOOP_ANALYSIS = YES;
				CLANG_WARN_STRICT_PROTOTYPES = YES;
				CLANG_WARN_SUSPICIOUS_MOVE = YES;
				CLANG_WARN_UNGUARDED_AVAILABILITY = YES_AGGRESSIVE;
				CLANG_WARN_UNREACHABLE_CODE = YES;
				CLANG_WARN__DUPLICATE_METHOD_MATCH = YES;
				COPY_PHASE_STRIP = NO;
				DEBUG_INFORMATION_FORMAT = "dwarf-with-dsym";
				ENABLE_NS_ASSERTIONS = NO;
				ENABLE_STRICT_OBJC_MSGSEND = YES;
				GCC_C_LANGUAGE_STANDARD = gnu11;
				GCC_NO_COMMON_BLOCKS = YES;
				GCC_WARN_64_TO_32_BIT_CONVERSION = YES;
				GCC_WARN_ABOUT_RETURN_TYPE = YES_ERROR;
				GCC_WARN_UNDECLARED_SELECTOR = YES;
				GCC_WARN_UNINITIALIZED_AUTOS = YES_AGGRESSIVE;
				GCC_WARN_UNUSED_FUNCTION = YES;
				GCC_WARN_UNUSED_VARIABLE = YES;
				IPHONEOS_DEPLOYMENT_TARGET = 13.5;
				MTL_ENABLE_DEBUG_INFO = NO;
				MTL_FAST_MATH = YES;
				SDKROOT = iphoneos;
				VALIDATE_PRODUCT = YES;
			};
			name = Release;
		};
		920C57B524B6F30D00671F97 /* Debug */ = {
			isa = XCBuildConfiguration;
			buildSettings = {
				ASSETCATALOG_COMPILER_APPICON_NAME = AppIcon;
				CODE_SIGN_STYLE = Automatic;
				INFOPLIST_FILE = testProxy/Info.plist;
				LD_RUNPATH_SEARCH_PATHS = (
					"$(inherited)",
					"@executable_path/Frameworks",
				);
				PRODUCT_BUNDLE_IDENTIFIER = com.tencent.testProxy;
				PRODUCT_NAME = "$(TARGET_NAME)";
				TARGETED_DEVICE_FAMILY = "1,2";
			};
			name = Debug;
		};
		920C57B624B6F30D00671F97 /* Release */ = {
			isa = XCBuildConfiguration;
			buildSettings = {
				ASSETCATALOG_COMPILER_APPICON_NAME = AppIcon;
				CODE_SIGN_STYLE = Automatic;
				INFOPLIST_FILE = testProxy/Info.plist;
				LD_RUNPATH_SEARCH_PATHS = (
					"$(inherited)",
					"@executable_path/Frameworks",
				);
				PRODUCT_BUNDLE_IDENTIFIER = com.tencent.testProxy;
				PRODUCT_NAME = "$(TARGET_NAME)";
				TARGETED_DEVICE_FAMILY = "1,2";
			};
			name = Release;
		};
/* End XCBuildConfiguration section */

/* Begin XCConfigurationList section */
		920C579624B6F30B00671F97 /* Build configuration list for PBXProject "testProxy" */ = {
			isa = XCConfigurationList;
			buildConfigurations = (
				920C57B224B6F30D00671F97 /* Debug */,
				920C57B324B6F30D00671F97 /* Release */,
			);
			defaultConfigurationIsVisible = 0;
			defaultConfigurationName = Release;
		};
		920C57B424B6F30D00671F97 /* Build configuration list for PBXNativeTarget "testProxy" */ = {
			isa = XCConfigurationList;
			buildConfigurations = (
				920C57B524B6F30D00671F97 /* Debug */,
				920C57B624B6F30D00671F97 /* Release */,
			);
			defaultConfigurationIsVisible = 0;
			defaultConfigurationName = Release;
		};
/* End XCConfigurationList section */
	};
	rootObject = 920C579324B6F30B00671F97 /* Project object */;
}
