// !$*UTF8*$!
{
	archiveVersion = 1;
	classes = {
	};
	objectVersion = 51;
	objects = {

/* Begin PBXBuildFile section */
		928A746F24AB456B00D9FE50 /* AppDelegate.m in Sources */ = {isa = PBXBuildFile; fileRef = 928A746E24AB456B00D9FE50 /* AppDelegate.m */; };
		928A747224AB456B00D9FE50 /* SceneDelegate.m in Sources */ = {isa = PBXBuildFile; fileRef = 928A747124AB456B00D9FE50 /* SceneDelegate.m */; };
		928A747524AB456B00D9FE50 /* ViewController.m in Sources */ = {isa = PBXBuildFile; fileRef = 928A747424AB456B00D9FE50 /* ViewController.m */; };
		928A747824AB456B00D9FE50 /* Main.storyboard in Resources */ = {isa = PBXBuildFile; fileRef = 928A747624AB456B00D9FE50 /* Main.storyboard */; };
		928A747A24AB456C00D9FE50 /* Assets.xcassets in Resources */ = {isa = PBXBuildFile; fileRef = 928A747924AB456C00D9FE50 /* Assets.xcassets */; };
		928A747D24AB456C00D9FE50 /* LaunchScreen.storyboard in Resources */ = {isa = PBXBuildFile; fileRef = 928A747B24AB456C00D9FE50 /* LaunchScreen.storyboard */; };
		928A748024AB456C00D9FE50 /* main.m in Sources */ = {isa = PBXBuildFile; fileRef = 928A747F24AB456C00D9FE50 /* main.m */; };
		928A748824AB464400D9FE50 /* WebRtcView.m in Sources */ = {isa = PBXBuildFile; fileRef = 928A748724AB464400D9FE50 /* WebRtcView.m */; };
		92F2F02424AB69E3006DFE53 /* test.html in Resources */ = {isa = PBXBuildFile; fileRef = 92F2F02324AB69E3006DFE53 /* test.html */; };
		92F2F02624AB6D8C006DFE53 /* seve.mp3 in Resources */ = {isa = PBXBuildFile; fileRef = 92F2F02524AB6D8C006DFE53 /* seve.mp3 */; };
		F75CF499D88410BB3D9CB386 /* libPods-WRTCDemo.a in Frameworks */ = {isa = PBXBuildFile; fileRef = C13E11D254FAB2A1ECD0D893 /* libPods-WRTCDemo.a */; };
/* End PBXBuildFile section */

/* Begin PBXFileReference section */
		14CD377416E1839A8B15B400 /* Pods-WRTCDemo.debug.xcconfig */ = {isa = PBXFileReference; includeInIndex = 1; lastKnownFileType = text.xcconfig; name = "Pods-WRTCDemo.debug.xcconfig"; path = "Target Support Files/Pods-WRTCDemo/Pods-WRTCDemo.debug.xcconfig"; sourceTree = "<group>"; };
		928A746A24AB456B00D9FE50 /* WRTCDemo.app */ = {isa = PBXFileReference; explicitFileType = wrapper.application; includeInIndex = 0; path = WRTCDemo.app; sourceTree = BUILT_PRODUCTS_DIR; };
		928A746D24AB456B00D9FE50 /* AppDelegate.h */ = {isa = PBXFileReference; lastKnownFileType = sourcecode.c.h; path = AppDelegate.h; sourceTree = "<group>"; };
		928A746E24AB456B00D9FE50 /* AppDelegate.m */ = {isa = PBXFileReference; lastKnownFileType = sourcecode.c.objc; path = AppDelegate.m; sourceTree = "<group>"; };
		928A747024AB456B00D9FE50 /* SceneDelegate.h */ = {isa = PBXFileReference; lastKnownFileType = sourcecode.c.h; path = SceneDelegate.h; sourceTree = "<group>"; };
		928A747124AB456B00D9FE50 /* SceneDelegate.m */ = {isa = PBXFileReference; lastKnownFileType = sourcecode.c.objc; path = SceneDelegate.m; sourceTree = "<group>"; };
		928A747324AB456B00D9FE50 /* ViewController.h */ = {isa = PBXFileReference; lastKnownFileType = sourcecode.c.h; path = ViewController.h; sourceTree = "<group>"; };
		928A747424AB456B00D9FE50 /* ViewController.m */ = {isa = PBXFileReference; lastKnownFileType = sourcecode.c.objc; path = ViewController.m; sourceTree = "<group>"; };
		928A747724AB456B00D9FE50 /* Base */ = {isa = PBXFileReference; lastKnownFileType = file.storyboard; name = Base; path = Base.lproj/Main.storyboard; sourceTree = "<group>"; };
		928A747924AB456C00D9FE50 /* Assets.xcassets */ = {isa = PBXFileReference; lastKnownFileType = folder.assetcatalog; path = Assets.xcassets; sourceTree = "<group>"; };
		928A747C24AB456C00D9FE50 /* Base */ = {isa = PBXFileReference; lastKnownFileType = file.storyboard; name = Base; path = Base.lproj/LaunchScreen.storyboard; sourceTree = "<group>"; };
		928A747E24AB456C00D9FE50 /* Info.plist */ = {isa = PBXFileReference; lastKnownFileType = text.plist.xml; path = Info.plist; sourceTree = "<group>"; };
		928A747F24AB456C00D9FE50 /* main.m */ = {isa = PBXFileReference; lastKnownFileType = sourcecode.c.objc; path = main.m; sourceTree = "<group>"; };
		928A748624AB464400D9FE50 /* WebRtcView.h */ = {isa = PBXFileReference; lastKnownFileType = sourcecode.c.h; path = WebRtcView.h; sourceTree = "<group>"; };
		928A748724AB464400D9FE50 /* WebRtcView.m */ = {isa = PBXFileReference; lastKnownFileType = sourcecode.c.objc; path = WebRtcView.m; sourceTree = "<group>"; };
		92F2F02324AB69E3006DFE53 /* test.html */ = {isa = PBXFileReference; lastKnownFileType = text.html; path = test.html; sourceTree = "<group>"; };
		92F2F02524AB6D8C006DFE53 /* seve.mp3 */ = {isa = PBXFileReference; lastKnownFileType = audio.mp3; path = seve.mp3; sourceTree = "<group>"; };
		C13E11D254FAB2A1ECD0D893 /* libPods-WRTCDemo.a */ = {isa = PBXFileReference; explicitFileType = archive.ar; includeInIndex = 0; path = "libPods-WRTCDemo.a"; sourceTree = BUILT_PRODUCTS_DIR; };
		FBC4FE340A37C9D0D2F05A61 /* Pods-WRTCDemo.release.xcconfig */ = {isa = PBXFileReference; includeInIndex = 1; lastKnownFileType = text.xcconfig; name = "Pods-WRTCDemo.release.xcconfig"; path = "Target Support Files/Pods-WRTCDemo/Pods-WRTCDemo.release.xcconfig"; sourceTree = "<group>"; };
/* End PBXFileReference section */

/* Begin PBXFrameworksBuildPhase section */
		928A746724AB456B00D9FE50 /* Frameworks */ = {
			isa = PBXFrameworksBuildPhase;
			buildActionMask = 2147483647;
			files = (
				F75CF499D88410BB3D9CB386 /* libPods-WRTCDemo.a in Frameworks */,
			);
			runOnlyForDeploymentPostprocessing = 0;
		};
/* End PBXFrameworksBuildPhase section */

/* Begin PBXGroup section */
		1A9B37CA6B60CAC5AACD4CE3 /* Pods */ = {
			isa = PBXGroup;
			children = (
				14CD377416E1839A8B15B400 /* Pods-WRTCDemo.debug.xcconfig */,
				FBC4FE340A37C9D0D2F05A61 /* Pods-WRTCDemo.release.xcconfig */,
			);
			path = Pods;
			sourceTree = "<group>";
		};
		20E5D509129E9D48060E40C2 /* Frameworks */ = {
			isa = PBXGroup;
			children = (
				C13E11D254FAB2A1ECD0D893 /* libPods-WRTCDemo.a */,
			);
			name = Frameworks;
			sourceTree = "<group>";
		};
		928A746124AB456B00D9FE50 = {
			isa = PBXGroup;
			children = (
				928A746C24AB456B00D9FE50 /* WRTCDemo */,
				928A746B24AB456B00D9FE50 /* Products */,
				1A9B37CA6B60CAC5AACD4CE3 /* Pods */,
				20E5D509129E9D48060E40C2 /* Frameworks */,
			);
			sourceTree = "<group>";
		};
		928A746B24AB456B00D9FE50 /* Products */ = {
			isa = PBXGroup;
			children = (
				928A746A24AB456B00D9FE50 /* WRTCDemo.app */,
			);
			name = Products;
			sourceTree = "<group>";
		};
		928A746C24AB456B00D9FE50 /* WRTCDemo */ = {
			isa = PBXGroup;
			children = (
				92F2F02524AB6D8C006DFE53 /* seve.mp3 */,
				928A746D24AB456B00D9FE50 /* AppDelegate.h */,
				928A746E24AB456B00D9FE50 /* AppDelegate.m */,
				928A747024AB456B00D9FE50 /* SceneDelegate.h */,
				928A747124AB456B00D9FE50 /* SceneDelegate.m */,
				928A747324AB456B00D9FE50 /* ViewController.h */,
				928A747424AB456B00D9FE50 /* ViewController.m */,
				928A747624AB456B00D9FE50 /* Main.storyboard */,
				928A747924AB456C00D9FE50 /* Assets.xcassets */,
				928A747B24AB456C00D9FE50 /* LaunchScreen.storyboard */,
				928A747E24AB456C00D9FE50 /* Info.plist */,
				928A747F24AB456C00D9FE50 /* main.m */,
				928A748624AB464400D9FE50 /* WebRtcView.h */,
				928A748724AB464400D9FE50 /* WebRtcView.m */,
				92F2F02324AB69E3006DFE53 /* test.html */,
			);
			path = WRTCDemo;
			sourceTree = "<group>";
		};
/* End PBXGroup section */

/* Begin PBXNativeTarget section */
		928A746924AB456B00D9FE50 /* WRTCDemo */ = {
			isa = PBXNativeTarget;
			buildConfigurationList = 928A748324AB456C00D9FE50 /* Build configuration list for PBXNativeTarget "WRTCDemo" */;
			buildPhases = (
				3CC459CC59966FD7A326156D /* [CP] Check Pods Manifest.lock */,
				928A746624AB456B00D9FE50 /* Sources */,
				928A746724AB456B00D9FE50 /* Frameworks */,
				928A746824AB456B00D9FE50 /* Resources */,
				75B111170A5C8226D4B17A8C /* [CP] Embed Pods Frameworks */,
			);
			buildRules = (
			);
			dependencies = (
			);
			name = WRTCDemo;
			productName = WRTCDemo;
			productReference = 928A746A24AB456B00D9FE50 /* WRTCDemo.app */;
			productType = "com.apple.product-type.application";
		};
/* End PBXNativeTarget section */

/* Begin PBXProject section */
		928A746224AB456B00D9FE50 /* Project object */ = {
			isa = PBXProject;
			attributes = {
				LastUpgradeCheck = 1150;
				ORGANIZATIONNAME = AlexiChen;
				TargetAttributes = {
					928A746924AB456B00D9FE50 = {
						CreatedOnToolsVersion = 11.5;
					};
				};
			};
			buildConfigurationList = 928A746524AB456B00D9FE50 /* Build configuration list for PBXProject "WRTCDemo" */;
			compatibilityVersion = "Xcode 9.3";
			developmentRegion = en;
			hasScannedForEncodings = 0;
			knownRegions = (
				en,
				Base,
			);
			mainGroup = 928A746124AB456B00D9FE50;
			productRefGroup = 928A746B24AB456B00D9FE50 /* Products */;
			projectDirPath = "";
			projectRoot = "";
			targets = (
				928A746924AB456B00D9FE50 /* WRTCDemo */,
			);
		};
/* End PBXProject section */

/* Begin PBXResourcesBuildPhase section */
		928A746824AB456B00D9FE50 /* Resources */ = {
			isa = PBXResourcesBuildPhase;
			buildActionMask = 2147483647;
			files = (
				92F2F02424AB69E3006DFE53 /* test.html in Resources */,
				92F2F02624AB6D8C006DFE53 /* seve.mp3 in Resources */,
				928A747D24AB456C00D9FE50 /* LaunchScreen.storyboard in Resources */,
				928A747A24AB456C00D9FE50 /* Assets.xcassets in Resources */,
				928A747824AB456B00D9FE50 /* Main.storyboard in Resources */,
			);
			runOnlyForDeploymentPostprocessing = 0;
		};
/* End PBXResourcesBuildPhase section */

/* Begin PBXShellScriptBuildPhase section */
		3CC459CC59966FD7A326156D /* [CP] Check Pods Manifest.lock */ = {
			isa = PBXShellScriptBuildPhase;
			buildActionMask = 2147483647;
			files = (
			);
			inputFileListPaths = (
			);
			inputPaths = (
				"${PODS_PODFILE_DIR_PATH}/Podfile.lock",
				"${PODS_ROOT}/Manifest.lock",
			);
			name = "[CP] Check Pods Manifest.lock";
			outputFileListPaths = (
			);
			outputPaths = (
				"$(DERIVED_FILE_DIR)/Pods-WRTCDemo-checkManifestLockResult.txt",
			);
			runOnlyForDeploymentPostprocessing = 0;
			shellPath = /bin/sh;
			shellScript = "diff \"${PODS_PODFILE_DIR_PATH}/Podfile.lock\" \"${PODS_ROOT}/Manifest.lock\" > /dev/null\nif [ $? != 0 ] ; then\n    # print error to STDERR\n    echo \"error: The sandbox is not in sync with the Podfile.lock. Run 'pod install' or update your CocoaPods installation.\" >&2\n    exit 1\nfi\n# This output is used by Xcode 'outputs' to avoid re-running this script phase.\necho \"SUCCESS\" > \"${SCRIPT_OUTPUT_FILE_0}\"\n";
			showEnvVarsInLog = 0;
		};
		75B111170A5C8226D4B17A8C /* [CP] Embed Pods Frameworks */ = {
			isa = PBXShellScriptBuildPhase;
			buildActionMask = 2147483647;
			files = (
			);
			inputFileListPaths = (
				"${PODS_ROOT}/Target Support Files/Pods-WRTCDemo/Pods-WRTCDemo-frameworks-${CONFIGURATION}-input-files.xcfilelist",
			);
			name = "[CP] Embed Pods Frameworks";
			outputFileListPaths = (
				"${PODS_ROOT}/Target Support Files/Pods-WRTCDemo/Pods-WRTCDemo-frameworks-${CONFIGURATION}-output-files.xcfilelist",
			);
			runOnlyForDeploymentPostprocessing = 0;
			shellPath = /bin/sh;
			shellScript = "\"${PODS_ROOT}/Target Support Files/Pods-WRTCDemo/Pods-WRTCDemo-frameworks.sh\"\n";
			showEnvVarsInLog = 0;
		};
/* End PBXShellScriptBuildPhase section */

/* Begin PBXSourcesBuildPhase section */
		928A746624AB456B00D9FE50 /* Sources */ = {
			isa = PBXSourcesBuildPhase;
			buildActionMask = 2147483647;
			files = (
				928A747524AB456B00D9FE50 /* ViewController.m in Sources */,
				928A746F24AB456B00D9FE50 /* AppDelegate.m in Sources */,
				928A748024AB456C00D9FE50 /* main.m in Sources */,
				928A748824AB464400D9FE50 /* WebRtcView.m in Sources */,
				928A747224AB456B00D9FE50 /* SceneDelegate.m in Sources */,
			);
			runOnlyForDeploymentPostprocessing = 0;
		};
/* End PBXSourcesBuildPhase section */

/* Begin PBXVariantGroup section */
		928A747624AB456B00D9FE50 /* Main.storyboard */ = {
			isa = PBXVariantGroup;
			children = (
				928A747724AB456B00D9FE50 /* Base */,
			);
			name = Main.storyboard;
			sourceTree = "<group>";
		};
		928A747B24AB456C00D9FE50 /* LaunchScreen.storyboard */ = {
			isa = PBXVariantGroup;
			children = (
				928A747C24AB456C00D9FE50 /* Base */,
			);
			name = LaunchScreen.storyboard;
			sourceTree = "<group>";
		};
/* End PBXVariantGroup section */

/* Begin XCBuildConfiguration section */
		928A748124AB456C00D9FE50 /* Debug */ = {
			isa = XCBuildConfiguration;
			buildSettings = {
				ALWAYS_SEARCH_USER_PATHS = NO;
				CLANG_ANALYZER_NONNULL = YES;
				CLANG_ANALYZER_NUMBER_OBJECT_CONVERSION = YES_AGGRESSIVE;
				CLANG_CXX_LANGUAGE_STANDARD = "gnu++14";
				CLANG_CXX_LIBRARY = "libc++";
				CLANG_ENABLE_MODULES = YES;
				CLANG_ENABLE_OBJC_ARC = YES;
				CLANG_ENABLE_OBJC_WEAK = YES;
				CLANG_WARN_BLOCK_CAPTURE_AUTORELEASING = YES;
				CLANG_WARN_BOOL_CONVERSION = YES;
				CLANG_WARN_COMMA = YES;
				CLANG_WARN_CONSTANT_CONVERSION = YES;
				CLANG_WARN_DEPRECATED_OBJC_IMPLEMENTATIONS = YES;
				CLANG_WARN_DIRECT_OBJC_ISA_USAGE = YES_ERROR;
				CLANG_WARN_DOCUMENTATION_COMMENTS = YES;
				CLANG_WARN_EMPTY_BODY = YES;
				CLANG_WARN_ENUM_CONVERSION = YES;
				CLANG_WARN_INFINITE_RECURSION = YES;
				CLANG_WARN_INT_CONVERSION = YES;
				CLANG_WARN_NON_LITERAL_NULL_CONVERSION = YES;
				CLANG_WARN_OBJC_IMPLICIT_RETAIN_SELF = YES;
				CLANG_WARN_OBJC_LITERAL_CONVERSION = YES;
				CLANG_WARN_OBJC_ROOT_CLASS = YES_ERROR;
				CLANG_WARN_RANGE_LOOP_ANALYSIS = YES;
				CLANG_WARN_STRICT_PROTOTYPES = YES;
				CLANG_WARN_SUSPICIOUS_MOVE = YES;
				CLANG_WARN_UNGUARDED_AVAILABILITY = YES_AGGRESSIVE;
				CLANG_WARN_UNREACHABLE_CODE = YES;
				CLANG_WARN__DUPLICATE_METHOD_MATCH = YES;
				COPY_PHASE_STRIP = NO;
				DEBUG_INFORMATION_FORMAT = dwarf;
				ENABLE_STRICT_OBJC_MSGSEND = YES;
				ENABLE_TESTABILITY = YES;
				GCC_C_LANGUAGE_STANDARD = gnu11;
				GCC_DYNAMIC_NO_PIC = NO;
				GCC_NO_COMMON_BLOCKS = YES;
				GCC_OPTIMIZATION_LEVEL = 0;
				GCC_PREPROCESSOR_DEFINITIONS = (
					"DEBUG=1",
					"$(inherited)",
				);
				GCC_WARN_64_TO_32_BIT_CONVERSION = YES;
				GCC_WARN_ABOUT_RETURN_TYPE = YES_ERROR;
				GCC_WARN_UNDECLARED_SELECTOR = YES;
				GCC_WARN_UNINITIALIZED_AUTOS = YES_AGGRESSIVE;
				GCC_WARN_UNUSED_FUNCTION = YES;
				GCC_WARN_UNUSED_VARIABLE = YES;
				IPHONEOS_DEPLOYMENT_TARGET = 13.5;
				MTL_ENABLE_DEBUG_INFO = INCLUDE_SOURCE;
				MTL_FAST_MATH = YES;
				ONLY_ACTIVE_ARCH = YES;
				SDKROOT = iphoneos;
			};
			name = Debug;
		};
		928A748224AB456C00D9FE50 /* Release */ = {
			isa = XCBuildConfiguration;
			buildSettings = {
				ALWAYS_SEARCH_USER_PATHS = NO;
				CLANG_ANALYZER_NONNULL = YES;
				CLANG_ANALYZER_NUMBER_OBJECT_CONVERSION = YES_AGGRESSIVE;
				CLANG_CXX_LANGUAGE_STANDARD = "gnu++14";
				CLANG_CXX_LIBRARY = "libc++";
				CLANG_ENABLE_MODULES = YES;
				CLANG_ENABLE_OBJC_ARC = YES;
				CLANG_ENABLE_OBJC_WEAK = YES;
				CLANG_WARN_BLOCK_CAPTURE_AUTORELEASING = YES;
				CLANG_WARN_BOOL_CONVERSION = YES;
				CLANG_WARN_COMMA = YES;
				CLANG_WARN_CONSTANT_CONVERSION = YES;
				CLANG_WARN_DEPRECATED_OBJC_IMPLEMENTATIONS = YES;
				CLANG_WARN_DIRECT_OBJC_ISA_USAGE = YES_ERROR;
				CLANG_WARN_DOCUMENTATION_COMMENTS = YES;
				CLANG_WARN_EMPTY_BODY = YES;
				CLANG_WARN_ENUM_CONVERSION = YES;
				CLANG_WARN_INFINITE_RECURSION = YES;
				CLANG_WARN_INT_CONVERSION = YES;
				CLANG_WARN_NON_LITERAL_NULL_CONVERSION = YES;
				CLANG_WARN_OBJC_IMPLICIT_RETAIN_SELF = YES;
				CLANG_WARN_OBJC_LITERAL_CONVERSION = YES;
				CLANG_WARN_OBJC_ROOT_CLASS = YES_ERROR;
				CLANG_WARN_RANGE_LOOP_ANALYSIS = YES;
				CLANG_WARN_STRICT_PROTOTYPES = YES;
				CLANG_WARN_SUSPICIOUS_MOVE = YES;
				CLANG_WARN_UNGUARDED_AVAILABILITY = YES_AGGRESSIVE;
				CLANG_WARN_UNREACHABLE_CODE = YES;
				CLANG_WARN__DUPLICATE_METHOD_MATCH = YES;
				COPY_PHASE_STRIP = NO;
				DEBUG_INFORMATION_FORMAT = "dwarf-with-dsym";
				ENABLE_NS_ASSERTIONS = NO;
				ENABLE_STRICT_OBJC_MSGSEND = YES;
				GCC_C_LANGUAGE_STANDARD = gnu11;
				GCC_NO_COMMON_BLOCKS = YES;
				GCC_WARN_64_TO_32_BIT_CONVERSION = YES;
				GCC_WARN_ABOUT_RETURN_TYPE = YES_ERROR;
				GCC_WARN_UNDECLARED_SELECTOR = YES;
				GCC_WARN_UNINITIALIZED_AUTOS = YES_AGGRESSIVE;
				GCC_WARN_UNUSED_FUNCTION = YES;
				GCC_WARN_UNUSED_VARIABLE = YES;
				IPHONEOS_DEPLOYMENT_TARGET = 13.5;
				MTL_ENABLE_DEBUG_INFO = NO;
				MTL_FAST_MATH = YES;
				SDKROOT = iphoneos;
				VALIDATE_PRODUCT = YES;
			};
			name = Release;
		};
		928A748424AB456C00D9FE50 /* Debug */ = {
			isa = XCBuildConfiguration;
			baseConfigurationReference = 14CD377416E1839A8B15B400 /* Pods-WRTCDemo.debug.xcconfig */;
			buildSettings = {
				ASSETCATALOG_COMPILER_APPICON_NAME = AppIcon;
				CODE_SIGN_STYLE = Automatic;
				DEVELOPMENT_TEAM = Y9PT5KD6V4;
				ENABLE_BITCODE = NO;
				INFOPLIST_FILE = WRTCDemo/Info.plist;
				LD_RUNPATH_SEARCH_PATHS = (
					"$(inherited)",
					"@executable_path/Frameworks",
				);
				PRODUCT_BUNDLE_IDENTIFIER = com.tencent.WRTCDemo;
				PRODUCT_NAME = "$(TARGET_NAME)";
				TARGETED_DEVICE_FAMILY = "1,2";
			};
			name = Debug;
		};
		928A748524AB456C00D9FE50 /* Release */ = {
			isa = XCBuildConfiguration;
			baseConfigurationReference = FBC4FE340A37C9D0D2F05A61 /* Pods-WRTCDemo.release.xcconfig */;
			buildSettings = {
				ASSETCATALOG_COMPILER_APPICON_NAME = AppIcon;
				CODE_SIGN_STYLE = Automatic;
				ENABLE_BITCODE = NO;
				INFOPLIST_FILE = WRTCDemo/Info.plist;
				LD_RUNPATH_SEARCH_PATHS = (
					"$(inherited)",
					"@executable_path/Frameworks",
				);
				PRODUCT_BUNDLE_IDENTIFIER = com.tencent.WRTCDemo;
				PRODUCT_NAME = "$(TARGET_NAME)";
				TARGETED_DEVICE_FAMILY = "1,2";
			};
			name = Release;
		};
/* End XCBuildConfiguration section */

/* Begin XCConfigurationList section */
		928A746524AB456B00D9FE50 /* Build configuration list for PBXProject "WRTCDemo" */ = {
			isa = XCConfigurationList;
			buildConfigurations = (
				928A748124AB456C00D9FE50 /* Debug */,
				928A748224AB456C00D9FE50 /* Release */,
			);
			defaultConfigurationIsVisible = 0;
			defaultConfigurationName = Release;
		};
		928A748324AB456C00D9FE50 /* Build configuration list for PBXNativeTarget "WRTCDemo" */ = {
			isa = XCConfigurationList;
			buildConfigurations = (
				928A748424AB456C00D9FE50 /* Debug */,
				928A748524AB456C00D9FE50 /* Release */,
			);
			defaultConfigurationIsVisible = 0;
			defaultConfigurationName = Release;
		};
/* End XCConfigurationList section */
	};
	rootObject = 928A746224AB456B00D9FE50 /* Project object */;
}
