// !$*UTF8*$!
{
	archiveVersion = 1;
	classes = {
	};
	objectVersion = 50;
	objects = {

/* Begin PBXBuildFile section */
		7A39C68224EF6A1F00CEA635 /* MetalRenderContext.m in Sources */ = {isa = PBXBuildFile; fileRef = 7A39C68124EF6A1F00CEA635 /* MetalRenderContext.m */; };
		7A39C68524EF6E7F00CEA635 /* MetalRenderView.m in Sources */ = {isa = PBXBuildFile; fileRef = 7A39C68424EF6E7F00CEA635 /* MetalRenderView.m */; };
		7A39C68924EF780E00CEA635 /* MetalRender.m in Sources */ = {isa = PBXBuildFile; fileRef = 7A39C68824EF780E00CEA635 /* MetalRender.m */; };
		7A39C6A824EFB1F100CEA635 /* MainTableViewController.m in Sources */ = {isa = PBXBuildFile; fileRef = 7A39C6A724EFB1F100CEA635 /* MainTableViewController.m */; };
		7A39C6AB24EFBA1800CEA635 /* triangle.metal in Sources */ = {isa = PBXBuildFile; fileRef = 7A39C6AA24EFBA1800CEA635 /* triangle.metal */; };
		7AAB8EB124EF69C500DE7F93 /* AppDelegate.m in Sources */ = {isa = PBXBuildFile; fileRef = 7AAB8EB024EF69C500DE7F93 /* AppDelegate.m */; };
		7AAB8EB424EF69C500DE7F93 /* SceneDelegate.m in Sources */ = {isa = PBXBuildFile; fileRef = 7AAB8EB324EF69C500DE7F93 /* SceneDelegate.m */; };
		7AAB8EB724EF69C500DE7F93 /* TriangleViewController.m in Sources */ = {isa = PBXBuildFile; fileRef = 7AAB8EB624EF69C500DE7F93 /* TriangleViewController.m */; };
		7AAB8EBA24EF69C500DE7F93 /* Main.storyboard in Resources */ = {isa = PBXBuildFile; fileRef = 7AAB8EB824EF69C500DE7F93 /* Main.storyboard */; };
		7AAB8EBC24EF69C600DE7F93 /* Assets.xcassets in Resources */ = {isa = PBXBuildFile; fileRef = 7AAB8EBB24EF69C600DE7F93 /* Assets.xcassets */; };
		7AAB8EBF24EF69C600DE7F93 /* LaunchScreen.storyboard in Resources */ = {isa = PBXBuildFile; fileRef = 7AAB8EBD24EF69C600DE7F93 /* LaunchScreen.storyboard */; };
		7AAB8EC224EF69C600DE7F93 /* main.m in Sources */ = {isa = PBXBuildFile; fileRef = 7AAB8EC124EF69C600DE7F93 /* main.m */; };
/* End PBXBuildFile section */

/* Begin PBXFileReference section */
		7A39C68024EF6A1F00CEA635 /* MetalRenderContext.h */ = {isa = PBXFileReference; lastKnownFileType = sourcecode.c.h; path = MetalRenderContext.h; sourceTree = "<group>"; };
		7A39C68124EF6A1F00CEA635 /* MetalRenderContext.m */ = {isa = PBXFileReference; lastKnownFileType = sourcecode.c.objc; path = MetalRenderContext.m; sourceTree = "<group>"; };
		7A39C68324EF6E7F00CEA635 /* MetalRenderView.h */ = {isa = PBXFileReference; lastKnownFileType = sourcecode.c.h; path = MetalRenderView.h; sourceTree = "<group>"; };
		7A39C68424EF6E7F00CEA635 /* MetalRenderView.m */ = {isa = PBXFileReference; lastKnownFileType = sourcecode.c.objc; path = MetalRenderView.m; sourceTree = "<group>"; };
		7A39C68724EF780E00CEA635 /* MetalRender.h */ = {isa = PBXFileReference; lastKnownFileType = sourcecode.c.h; path = MetalRender.h; sourceTree = "<group>"; };
		7A39C68824EF780E00CEA635 /* MetalRender.m */ = {isa = PBXFileReference; lastKnownFileType = sourcecode.c.objc; path = MetalRender.m; sourceTree = "<group>"; };
		7A39C6A624EFB1F100CEA635 /* MainTableViewController.h */ = {isa = PBXFileReference; lastKnownFileType = sourcecode.c.h; path = MainTableViewController.h; sourceTree = "<group>"; };
		7A39C6A724EFB1F100CEA635 /* MainTableViewController.m */ = {isa = PBXFileReference; lastKnownFileType = sourcecode.c.objc; path = MainTableViewController.m; sourceTree = "<group>"; };
		7A39C6A924EFB90F00CEA635 /* MetalRenderKitDef.h */ = {isa = PBXFileReference; lastKnownFileType = sourcecode.c.h; path = MetalRenderKitDef.h; sourceTree = "<group>"; };
		7A39C6AA24EFBA1800CEA635 /* triangle.metal */ = {isa = PBXFileReference; lastKnownFileType = sourcecode.metal; path = triangle.metal; sourceTree = "<group>"; };
		7AAB8EAC24EF69C500DE7F93 /* MetalRenderKit.app */ = {isa = PBXFileReference; explicitFileType = wrapper.application; includeInIndex = 0; path = MetalRenderKit.app; sourceTree = BUILT_PRODUCTS_DIR; };
		7AAB8EAF24EF69C500DE7F93 /* AppDelegate.h */ = {isa = PBXFileReference; lastKnownFileType = sourcecode.c.h; path = AppDelegate.h; sourceTree = "<group>"; };
		7AAB8EB024EF69C500DE7F93 /* AppDelegate.m */ = {isa = PBXFileReference; lastKnownFileType = sourcecode.c.objc; path = AppDelegate.m; sourceTree = "<group>"; };
		7AAB8EB224EF69C500DE7F93 /* SceneDelegate.h */ = {isa = PBXFileReference; lastKnownFileType = sourcecode.c.h; path = SceneDelegate.h; sourceTree = "<group>"; };
		7AAB8EB324EF69C500DE7F93 /* SceneDelegate.m */ = {isa = PBXFileReference; lastKnownFileType = sourcecode.c.objc; path = SceneDelegate.m; sourceTree = "<group>"; };
		7AAB8EB524EF69C500DE7F93 /* TriangleViewController.h */ = {isa = PBXFileReference; lastKnownFileType = sourcecode.c.h; path = TriangleViewController.h; sourceTree = "<group>"; };
		7AAB8EB624EF69C500DE7F93 /* TriangleViewController.m */ = {isa = PBXFileReference; lastKnownFileType = sourcecode.c.objc; path = TriangleViewController.m; sourceTree = "<group>"; };
		7AAB8EB924EF69C500DE7F93 /* Base */ = {isa = PBXFileReference; lastKnownFileType = file.storyboard; name = Base; path = Base.lproj/Main.storyboard; sourceTree = "<group>"; };
		7AAB8EBB24EF69C600DE7F93 /* Assets.xcassets */ = {isa = PBXFileReference; lastKnownFileType = folder.assetcatalog; path = Assets.xcassets; sourceTree = "<group>"; };
		7AAB8EBE24EF69C600DE7F93 /* Base */ = {isa = PBXFileReference; lastKnownFileType = file.storyboard; name = Base; path = Base.lproj/LaunchScreen.storyboard; sourceTree = "<group>"; };
		7AAB8EC024EF69C600DE7F93 /* Info.plist */ = {isa = PBXFileReference; lastKnownFileType = text.plist.xml; path = Info.plist; sourceTree = "<group>"; };
		7AAB8EC124EF69C600DE7F93 /* main.m */ = {isa = PBXFileReference; lastKnownFileType = sourcecode.c.objc; path = main.m; sourceTree = "<group>"; };
/* End PBXFileReference section */

/* Begin PBXFrameworksBuildPhase section */
		7AAB8EA924EF69C500DE7F93 /* Frameworks */ = {
			isa = PBXFrameworksBuildPhase;
			buildActionMask = 2147483647;
			files = (
			);
			runOnlyForDeploymentPostprocessing = 0;
		};
/* End PBXFrameworksBuildPhase section */

/* Begin PBXGroup section */
		7A39C67F24EF6A0300CEA635 /* Core */ = {
			isa = PBXGroup;
			children = (
				7A39C6A924EFB90F00CEA635 /* MetalRenderKitDef.h */,
				7A39C68624EF77FD00CEA635 /* MetalRender */,
				7A39C68024EF6A1F00CEA635 /* MetalRenderContext.h */,
				7A39C68124EF6A1F00CEA635 /* MetalRenderContext.m */,
				7A39C68324EF6E7F00CEA635 /* MetalRenderView.h */,
				7A39C68424EF6E7F00CEA635 /* MetalRenderView.m */,
			);
			path = Core;
			sourceTree = "<group>";
		};
		7A39C68624EF77FD00CEA635 /* MetalRender */ = {
			isa = PBXGroup;
			children = (
				7A39C68724EF780E00CEA635 /* MetalRender.h */,
				7A39C68824EF780E00CEA635 /* MetalRender.m */,
			);
			path = MetalRender;
			sourceTree = "<group>";
		};
		7AAB8EA324EF69C500DE7F93 = {
			isa = PBXGroup;
			children = (
				7AAB8EAE24EF69C500DE7F93 /* MetalRenderKit */,
				7AAB8EAD24EF69C500DE7F93 /* Products */,
			);
			sourceTree = "<group>";
		};
		7AAB8EAD24EF69C500DE7F93 /* Products */ = {
			isa = PBXGroup;
			children = (
				7AAB8EAC24EF69C500DE7F93 /* MetalRenderKit.app */,
			);
			name = Products;
			sourceTree = "<group>";
		};
		7AAB8EAE24EF69C500DE7F93 /* MetalRenderKit */ = {
			isa = PBXGroup;
			children = (
				7A39C67F24EF6A0300CEA635 /* Core */,
				7AAB8EAF24EF69C500DE7F93 /* AppDelegate.h */,
				7AAB8EB024EF69C500DE7F93 /* AppDelegate.m */,
				7AAB8EB224EF69C500DE7F93 /* SceneDelegate.h */,
				7AAB8EB324EF69C500DE7F93 /* SceneDelegate.m */,
				7AAB8EB524EF69C500DE7F93 /* TriangleViewController.h */,
				7AAB8EB624EF69C500DE7F93 /* TriangleViewController.m */,
				7AAB8EB824EF69C500DE7F93 /* Main.storyboard */,
				7AAB8EBB24EF69C600DE7F93 /* Assets.xcassets */,
				7AAB8EBD24EF69C600DE7F93 /* LaunchScreen.storyboard */,
				7AAB8EC024EF69C600DE7F93 /* Info.plist */,
				7AAB8EC124EF69C600DE7F93 /* main.m */,
				7A39C6A624EFB1F100CEA635 /* MainTableViewController.h */,
				7A39C6A724EFB1F100CEA635 /* MainTableViewController.m */,
				7A39C6AA24EFBA1800CEA635 /* triangle.metal */,
			);
			path = MetalRenderKit;
			sourceTree = "<group>";
		};
/* End PBXGroup section */

/* Begin PBXNativeTarget section */
		7AAB8EAB24EF69C500DE7F93 /* MetalRenderKit */ = {
			isa = PBXNativeTarget;
			buildConfigurationList = 7AAB8EC524EF69C600DE7F93 /* Build configuration list for PBXNativeTarget "MetalRenderKit" */;
			buildPhases = (
				7AAB8EA824EF69C500DE7F93 /* Sources */,
				7AAB8EA924EF69C500DE7F93 /* Frameworks */,
				7AAB8EAA24EF69C500DE7F93 /* Resources */,
			);
			buildRules = (
			);
			dependencies = (
			);
			name = MetalRenderKit;
			productName = MetalRenderKit;
			productReference = 7AAB8EAC24EF69C500DE7F93 /* MetalRenderKit.app */;
			productType = "com.apple.product-type.application";
		};
/* End PBXNativeTarget section */

/* Begin PBXProject section */
		7AAB8EA424EF69C500DE7F93 /* Project object */ = {
			isa = PBXProject;
			attributes = {
				LastUpgradeCheck = 1160;
				ORGANIZATIONNAME = "陈耀武";
				TargetAttributes = {
					7AAB8EAB24EF69C500DE7F93 = {
						CreatedOnToolsVersion = 11.6;
					};
				};
			};
			buildConfigurationList = 7AAB8EA724EF69C500DE7F93 /* Build configuration list for PBXProject "MetalRenderKit" */;
			compatibilityVersion = "Xcode 9.3";
			developmentRegion = en;
			hasScannedForEncodings = 0;
			knownRegions = (
				en,
				Base,
			);
			mainGroup = 7AAB8EA324EF69C500DE7F93;
			productRefGroup = 7AAB8EAD24EF69C500DE7F93 /* Products */;
			projectDirPath = "";
			projectRoot = "";
			targets = (
				7AAB8EAB24EF69C500DE7F93 /* MetalRenderKit */,
			);
		};
/* End PBXProject section */

/* Begin PBXResourcesBuildPhase section */
		7AAB8EAA24EF69C500DE7F93 /* Resources */ = {
			isa = PBXResourcesBuildPhase;
			buildActionMask = 2147483647;
			files = (
				7AAB8EBF24EF69C600DE7F93 /* LaunchScreen.storyboard in Resources */,
				7AAB8EBC24EF69C600DE7F93 /* Assets.xcassets in Resources */,
				7AAB8EBA24EF69C500DE7F93 /* Main.storyboard in Resources */,
			);
			runOnlyForDeploymentPostprocessing = 0;
		};
/* End PBXResourcesBuildPhase section */

/* Begin PBXSourcesBuildPhase section */
		7AAB8EA824EF69C500DE7F93 /* Sources */ = {
			isa = PBXSourcesBuildPhase;
			buildActionMask = 2147483647;
			files = (
				7A39C6A824EFB1F100CEA635 /* MainTableViewController.m in Sources */,
				7A39C68524EF6E7F00CEA635 /* MetalRenderView.m in Sources */,
				7AAB8EB724EF69C500DE7F93 /* TriangleViewController.m in Sources */,
				7A39C6AB24EFBA1800CEA635 /* triangle.metal in Sources */,
				7AAB8EB124EF69C500DE7F93 /* AppDelegate.m in Sources */,
				7AAB8EC224EF69C600DE7F93 /* main.m in Sources */,
				7AAB8EB424EF69C500DE7F93 /* SceneDelegate.m in Sources */,
				7A39C68924EF780E00CEA635 /* MetalRender.m in Sources */,
				7A39C68224EF6A1F00CEA635 /* MetalRenderContext.m in Sources */,
			);
			runOnlyForDeploymentPostprocessing = 0;
		};
/* End PBXSourcesBuildPhase section */

/* Begin PBXVariantGroup section */
		7AAB8EB824EF69C500DE7F93 /* Main.storyboard */ = {
			isa = PBXVariantGroup;
			children = (
				7AAB8EB924EF69C500DE7F93 /* Base */,
			);
			name = Main.storyboard;
			sourceTree = "<group>";
		};
		7AAB8EBD24EF69C600DE7F93 /* LaunchScreen.storyboard */ = {
			isa = PBXVariantGroup;
			children = (
				7AAB8EBE24EF69C600DE7F93 /* Base */,
			);
			name = LaunchScreen.storyboard;
			sourceTree = "<group>";
		};
/* End PBXVariantGroup section */

/* Begin XCBuildConfiguration section */
		7AAB8EC324EF69C600DE7F93 /* Debug */ = {
			isa = XCBuildConfiguration;
			buildSettings = {
				ALWAYS_SEARCH_USER_PATHS = NO;
				CLANG_ANALYZER_NONNULL = YES;
				CLANG_ANALYZER_NUMBER_OBJECT_CONVERSION = YES_AGGRESSIVE;
				CLANG_CXX_LANGUAGE_STANDARD = "gnu++14";
				CLANG_CXX_LIBRARY = "libc++";
				CLANG_ENABLE_MODULES = YES;
				CLANG_ENABLE_OBJC_ARC = YES;
				CLANG_ENABLE_OBJC_WEAK = YES;
				CLANG_WARN_BLOCK_CAPTURE_AUTORELEASING = YES;
				CLANG_WARN_BOOL_CONVERSION = YES;
				CLANG_WARN_COMMA = YES;
				CLANG_WARN_CONSTANT_CONVERSION = YES;
				CLANG_WARN_DEPRECATED_OBJC_IMPLEMENTATIONS = YES;
				CLANG_WARN_DIRECT_OBJC_ISA_USAGE = YES_ERROR;
				CLANG_WARN_DOCUMENTATION_COMMENTS = YES;
				CLANG_WARN_EMPTY_BODY = YES;
				CLANG_WARN_ENUM_CONVERSION = YES;
				CLANG_WARN_INFINITE_RECURSION = YES;
				CLANG_WARN_INT_CONVERSION = YES;
				CLANG_WARN_NON_LITERAL_NULL_CONVERSION = YES;
				CLANG_WARN_OBJC_IMPLICIT_RETAIN_SELF = YES;
				CLANG_WARN_OBJC_LITERAL_CONVERSION = YES;
				CLANG_WARN_OBJC_ROOT_CLASS = YES_ERROR;
				CLANG_WARN_RANGE_LOOP_ANALYSIS = YES;
				CLANG_WARN_STRICT_PROTOTYPES = YES;
				CLANG_WARN_SUSPICIOUS_MOVE = YES;
				CLANG_WARN_UNGUARDED_AVAILABILITY = YES_AGGRESSIVE;
				CLANG_WARN_UNREACHABLE_CODE = YES;
				CLANG_WARN__DUPLICATE_METHOD_MATCH = YES;
				COPY_PHASE_STRIP = NO;
				DEBUG_INFORMATION_FORMAT = dwarf;
				ENABLE_STRICT_OBJC_MSGSEND = YES;
				ENABLE_TESTABILITY = YES;
				GCC_C_LANGUAGE_STANDARD = gnu11;
				GCC_DYNAMIC_NO_PIC = NO;
				GCC_NO_COMMON_BLOCKS = YES;
				GCC_OPTIMIZATION_LEVEL = 0;
				GCC_PREPROCESSOR_DEFINITIONS = (
					"DEBUG=1",
					"$(inherited)",
				);
				GCC_WARN_64_TO_32_BIT_CONVERSION = YES;
				GCC_WARN_ABOUT_RETURN_TYPE = YES_ERROR;
				GCC_WARN_UNDECLARED_SELECTOR = YES;
				GCC_WARN_UNINITIALIZED_AUTOS = YES_AGGRESSIVE;
				GCC_WARN_UNUSED_FUNCTION = YES;
				GCC_WARN_UNUSED_VARIABLE = YES;
				IPHONEOS_DEPLOYMENT_TARGET = 13.6;
				MTL_ENABLE_DEBUG_INFO = INCLUDE_SOURCE;
				MTL_FAST_MATH = YES;
				ONLY_ACTIVE_ARCH = YES;
				SDKROOT = iphoneos;
			};
			name = Debug;
		};
		7AAB8EC424EF69C600DE7F93 /* Release */ = {
			isa = XCBuildConfiguration;
			buildSettings = {
				ALWAYS_SEARCH_USER_PATHS = NO;
				CLANG_ANALYZER_NONNULL = YES;
				CLANG_ANALYZER_NUMBER_OBJECT_CONVERSION = YES_AGGRESSIVE;
				CLANG_CXX_LANGUAGE_STANDARD = "gnu++14";
				CLANG_CXX_LIBRARY = "libc++";
				CLANG_ENABLE_MODULES = YES;
				CLANG_ENABLE_OBJC_ARC = YES;
				CLANG_ENABLE_OBJC_WEAK = YES;
				CLANG_WARN_BLOCK_CAPTURE_AUTORELEASING = YES;
				CLANG_WARN_BOOL_CONVERSION = YES;
				CLANG_WARN_COMMA = YES;
				CLANG_WARN_CONSTANT_CONVERSION = YES;
				CLANG_WARN_DEPRECATED_OBJC_IMPLEMENTATIONS = YES;
				CLANG_WARN_DIRECT_OBJC_ISA_USAGE = YES_ERROR;
				CLANG_WARN_DOCUMENTATION_COMMENTS = YES;
				CLANG_WARN_EMPTY_BODY = YES;
				CLANG_WARN_ENUM_CONVERSION = YES;
				CLANG_WARN_INFINITE_RECURSION = YES;
				CLANG_WARN_INT_CONVERSION = YES;
				CLANG_WARN_NON_LITERAL_NULL_CONVERSION = YES;
				CLANG_WARN_OBJC_IMPLICIT_RETAIN_SELF = YES;
				CLANG_WARN_OBJC_LITERAL_CONVERSION = YES;
				CLANG_WARN_OBJC_ROOT_CLASS = YES_ERROR;
				CLANG_WARN_RANGE_LOOP_ANALYSIS = YES;
				CLANG_WARN_STRICT_PROTOTYPES = YES;
				CLANG_WARN_SUSPICIOUS_MOVE = YES;
				CLANG_WARN_UNGUARDED_AVAILABILITY = YES_AGGRESSIVE;
				CLANG_WARN_UNREACHABLE_CODE = YES;
				CLANG_WARN__DUPLICATE_METHOD_MATCH = YES;
				COPY_PHASE_STRIP = NO;
				DEBUG_INFORMATION_FORMAT = "dwarf-with-dsym";
				ENABLE_NS_ASSERTIONS = NO;
				ENABLE_STRICT_OBJC_MSGSEND = YES;
				GCC_C_LANGUAGE_STANDARD = gnu11;
				GCC_NO_COMMON_BLOCKS = YES;
				GCC_WARN_64_TO_32_BIT_CONVERSION = YES;
				GCC_WARN_ABOUT_RETURN_TYPE = YES_ERROR;
				GCC_WARN_UNDECLARED_SELECTOR = YES;
				GCC_WARN_UNINITIALIZED_AUTOS = YES_AGGRESSIVE;
				GCC_WARN_UNUSED_FUNCTION = YES;
				GCC_WARN_UNUSED_VARIABLE = YES;
				IPHONEOS_DEPLOYMENT_TARGET = 13.6;
				MTL_ENABLE_DEBUG_INFO = NO;
				MTL_FAST_MATH = YES;
				SDKROOT = iphoneos;
				VALIDATE_PRODUCT = YES;
			};
			name = Release;
		};
		7AAB8EC624EF69C600DE7F93 /* Debug */ = {
			isa = XCBuildConfiguration;
			buildSettings = {
				ASSETCATALOG_COMPILER_APPICON_NAME = AppIcon;
				CODE_SIGN_STYLE = Automatic;
				DEVELOPMENT_TEAM = 43YJ58H38Q;
				INFOPLIST_FILE = MetalRenderKit/Info.plist;
				IPHONEOS_DEPLOYMENT_TARGET = 10.0;
				LD_RUNPATH_SEARCH_PATHS = (
					"$(inherited)",
					"@executable_path/Frameworks",
				);
				PRODUCT_BUNDLE_IDENTIFIER = com.tencent.LiveTest;
				PRODUCT_NAME = "$(TARGET_NAME)";
				TARGETED_DEVICE_FAMILY = "1,2";
			};
			name = Debug;
		};
		7AAB8EC724EF69C600DE7F93 /* Release */ = {
			isa = XCBuildConfiguration;
			buildSettings = {
				ASSETCATALOG_COMPILER_APPICON_NAME = AppIcon;
				CODE_SIGN_STYLE = Automatic;
				DEVELOPMENT_TEAM = 43YJ58H38Q;
				INFOPLIST_FILE = MetalRenderKit/Info.plist;
				IPHONEOS_DEPLOYMENT_TARGET = 10.0;
				LD_RUNPATH_SEARCH_PATHS = (
					"$(inherited)",
					"@executable_path/Frameworks",
				);
				PRODUCT_BUNDLE_IDENTIFIER = com.tencent.LiveTest;
				PRODUCT_NAME = "$(TARGET_NAME)";
				TARGETED_DEVICE_FAMILY = "1,2";
			};
			name = Release;
		};
/* End XCBuildConfiguration section */

/* Begin XCConfigurationList section */
		7AAB8EA724EF69C500DE7F93 /* Build configuration list for PBXProject "MetalRenderKit" */ = {
			isa = XCConfigurationList;
			buildConfigurations = (
				7AAB8EC324EF69C600DE7F93 /* Debug */,
				7AAB8EC424EF69C600DE7F93 /* Release */,
			);
			defaultConfigurationIsVisible = 0;
			defaultConfigurationName = Release;
		};
		7AAB8EC524EF69C600DE7F93 /* Build configuration list for PBXNativeTarget "MetalRenderKit" */ = {
			isa = XCConfigurationList;
			buildConfigurations = (
				7AAB8EC624EF69C600DE7F93 /* Debug */,
				7AAB8EC724EF69C600DE7F93 /* Release */,
			);
			defaultConfigurationIsVisible = 0;
			defaultConfigurationName = Release;
		};
/* End XCConfigurationList section */
	};
	rootObject = 7AAB8EA424EF69C500DE7F93 /* Project object */;
}
